
Microsoft Visual Studio Solution File, Format Version 12.00
# Visual Studio Version 17
VisualStudioVersion = 17.4.33213.308
MinimumVisualStudioVersion = 10.0.40219.1
Project("{8BC9CEB8-8B4A-11D0-8D11-00A0C91BC942}") = "btvn2.doi cho 2 int", "btvn2.doi cho 2 int\btvn2.doi cho 2 int.vcxproj", "{77872AF0-011D-4963-8F87-CB8F2022C270}"
EndProject
Global
	GlobalSection(SolutionConfigurationPlatforms) = preSolution
		Debug|x64 = Debug|x64
		Debug|x86 = Debug|x86
		Release|x64 = Release|x64
		Release|x86 = Release|x86
	EndGlobalSection
	GlobalSection(ProjectConfigurationPlatforms) = postSolution
		{77872AF0-011D-4963-8F87-CB8F2022C270}.Debug|x64.ActiveCfg = Debug|x64
		{77872AF0-011D-4963-8F87-CB8F2022C270}.Debug|x64.Build.0 = Debug|x64
		{77872AF0-011D-4963-8F87-CB8F2022C270}.Debug|x86.ActiveCfg = Debug|Win32
		{77872AF0-011D-4963-8F87-CB8F2022C270}.Debug|x86.Build.0 = Debug|Win32
		{77872AF0-011D-4963-8F87-CB8F2022C270}.Release|x64.ActiveCfg = Release|x64
		{77872AF0-011D-4963-8F87-CB8F2022C270}.Release|x64.Build.0 = Release|x64
		{77872AF0-011D-4963-8F87-CB8F2022C270}.Release|x86.ActiveCfg = Release|Win32
		{77872AF0-011D-4963-8F87-CB8F2022C270}.Release|x86.Build.0 = Release|Win32
	EndGlobalSection
	GlobalSection(SolutionProperties) = preSolution
		HideSolutionNode = FALSE
	EndGlobalSection
	GlobalSection(ExtensibilityGlobals) = postSolution
		SolutionGuid = {5C7BC73D-15EB-4E42-8A37-6909A96BA1FF}
	EndGlobalSection
EndGlobal
